
Microsoft Visual Studio Solution File, Format Version 12.00
# Visual Studio Version 16
VisualStudioVersion = 16.0.31321.278
MinimumVisualStudioVersion = 10.0.40219.1
Project("{FAE04EC0-301F-11D3-BF4B-00C04F79EFBC}") = "ScixingTetris", "ScixingTetris\ScixingTetris.csproj", "{4C01455A-9055-4865-92B4-7B47B0B82DF6}"
EndProject
Project("{FAE04EC0-301F-11D3-BF4B-00C04F79EFBC}") = "ScixingTetrisCore", "ScixingTetrisCore\ScixingTetrisCore.csproj", "{5832DB4B-2F85-46F2-A5DE-781EB065FF21}"
EndProject
Global
	GlobalSection(SolutionConfigurationPlatforms) = preSolution
		Debug|Any CPU = Debug|Any CPU
		Release|Any CPU = Release|Any CPU
	EndGlobalSection
	GlobalSection(ProjectConfigurationPlatforms) = postSolution
		{4C01455A-9055-4865-92B4-7B47B0B82DF6}.Debug|Any CPU.ActiveCfg = Debug|Any CPU
		{4C01455A-9055-4865-92B4-7B47B0B82DF6}.Debug|Any CPU.Build.0 = Debug|Any CPU
		{4C01455A-9055-4865-92B4-7B47B0B82DF6}.Release|Any CPU.ActiveCfg = Release|Any CPU
		{4C01455A-9055-4865-92B4-7B47B0B82DF6}.Release|Any CPU.Build.0 = Release|Any CPU
		{5832DB4B-2F85-46F2-A5DE-781EB065FF21}.Debug|Any CPU.ActiveCfg = Debug|Any CPU
		{5832DB4B-2F85-46F2-A5DE-781EB065FF21}.Debug|Any CPU.Build.0 = Debug|Any CPU
		{5832DB4B-2F85-46F2-A5DE-781EB065FF21}.Release|Any CPU.ActiveCfg = Release|Any CPU
		{5832DB4B-2F85-46F2-A5DE-781EB065FF21}.Release|Any CPU.Build.0 = Release|Any CPU
	EndGlobalSection
	GlobalSection(SolutionProperties) = preSolution
		HideSolutionNode = FALSE
	EndGlobalSection
	GlobalSection(ExtensibilityGlobals) = postSolution
		SolutionGuid = {D1AD9824-6201-490C-81E3-BC0DAD4BE18A}
	EndGlobalSection
EndGlobal
