
Microsoft Visual Studio Solution File, Format Version 12.00
# Visual Studio Version 16
VisualStudioVersion = 16.0.31321.278
MinimumVisualStudioVersion = 10.0.40219.1
Project("{9A19103F-16F7-4668-BE54-9A1E7A4F7556}") = "ScixingTetris", "ScixingTetris\ScixingTetris.csproj", "{4C01455A-9055-4865-92B4-7B47B0B82DF6}"
EndProject
Project("{9A19103F-16F7-4668-BE54-9A1E7A4F7556}") = "ScixingTetrisCore", "ScixingTetrisCore\ScixingTetrisCore.csproj", "{5832DB4B-2F85-46F2-A5DE-781EB065FF21}"
EndProject
Project("{9A19103F-16F7-4668-BE54-9A1E7A4F7556}") = "GeekTetrisTest", "GeekTetrisTest\GeekTetrisTest.csproj", "{97F1B560-5668-41B9-9A15-D755233068D9}"
EndProject
Project("{9A19103F-16F7-4668-BE54-9A1E7A4F7556}") = "KingofSwl.Server", "KingofSwl\Server\KingofSwl.Server.csproj", "{02A14632-3B9F-4B84-B20B-01E0B59B0D9F}"
EndProject
Project("{9A19103F-16F7-4668-BE54-9A1E7A4F7556}") = "KingofSwl.Client", "KingofSwl\Client\KingofSwl.Client.csproj", "{25A274EA-699D-401B-9DD2-56AF50C4F0D6}"
EndProject
Project("{9A19103F-16F7-4668-BE54-9A1E7A4F7556}") = "KingofSwl.Shared", "KingofSwl\Shared\KingofSwl.Shared.csproj", "{EDD042E4-B274-4CD1-9B70-685291442483}"
EndProject
Project("{9A19103F-16F7-4668-BE54-9A1E7A4F7556}") = "TETR.IO.Bot.X86", "TETR.IO.Bot\TETR.IO.Bot.X86.csproj", "{B2B7BE41-E4C4-4AD2-9FB0-2CAA6EC6B91D}"
EndProject
Project("{FAE04EC0-301F-11D3-BF4B-00C04F79EFBC}") = "TETR.IO.Bot.X64", "TETR.IO.Bot.X64\TETR.IO.Bot.X64.csproj", "{1380F9C1-65F3-4D7A-AB93-B5DAEEE9767D}"
EndProject
Global
	GlobalSection(SolutionConfigurationPlatforms) = preSolution
		Debug|Any CPU = Debug|Any CPU
		Release|Any CPU = Release|Any CPU
	EndGlobalSection
	GlobalSection(ProjectConfigurationPlatforms) = postSolution
		{4C01455A-9055-4865-92B4-7B47B0B82DF6}.Debug|Any CPU.ActiveCfg = Debug|Any CPU
		{4C01455A-9055-4865-92B4-7B47B0B82DF6}.Debug|Any CPU.Build.0 = Debug|Any CPU
		{4C01455A-9055-4865-92B4-7B47B0B82DF6}.Release|Any CPU.ActiveCfg = Release|Any CPU
		{4C01455A-9055-4865-92B4-7B47B0B82DF6}.Release|Any CPU.Build.0 = Release|Any CPU
		{5832DB4B-2F85-46F2-A5DE-781EB065FF21}.Debug|Any CPU.ActiveCfg = Debug|Any CPU
		{5832DB4B-2F85-46F2-A5DE-781EB065FF21}.Debug|Any CPU.Build.0 = Debug|Any CPU
		{5832DB4B-2F85-46F2-A5DE-781EB065FF21}.Release|Any CPU.ActiveCfg = Release|Any CPU
		{5832DB4B-2F85-46F2-A5DE-781EB065FF21}.Release|Any CPU.Build.0 = Release|Any CPU
		{97F1B560-5668-41B9-9A15-D755233068D9}.Debug|Any CPU.ActiveCfg = Debug|Any CPU
		{97F1B560-5668-41B9-9A15-D755233068D9}.Debug|Any CPU.Build.0 = Debug|Any CPU
		{97F1B560-5668-41B9-9A15-D755233068D9}.Release|Any CPU.ActiveCfg = Release|Any CPU
		{97F1B560-5668-41B9-9A15-D755233068D9}.Release|Any CPU.Build.0 = Release|Any CPU
		{02A14632-3B9F-4B84-B20B-01E0B59B0D9F}.Debug|Any CPU.ActiveCfg = Debug|Any CPU
		{02A14632-3B9F-4B84-B20B-01E0B59B0D9F}.Debug|Any CPU.Build.0 = Debug|Any CPU
		{02A14632-3B9F-4B84-B20B-01E0B59B0D9F}.Release|Any CPU.ActiveCfg = Release|Any CPU
		{02A14632-3B9F-4B84-B20B-01E0B59B0D9F}.Release|Any CPU.Build.0 = Release|Any CPU
		{25A274EA-699D-401B-9DD2-56AF50C4F0D6}.Debug|Any CPU.ActiveCfg = Debug|Any CPU
		{25A274EA-699D-401B-9DD2-56AF50C4F0D6}.Debug|Any CPU.Build.0 = Debug|Any CPU
		{25A274EA-699D-401B-9DD2-56AF50C4F0D6}.Release|Any CPU.ActiveCfg = Release|Any CPU
		{25A274EA-699D-401B-9DD2-56AF50C4F0D6}.Release|Any CPU.Build.0 = Release|Any CPU
		{EDD042E4-B274-4CD1-9B70-685291442483}.Debug|Any CPU.ActiveCfg = Debug|Any CPU
		{EDD042E4-B274-4CD1-9B70-685291442483}.Debug|Any CPU.Build.0 = Debug|Any CPU
		{EDD042E4-B274-4CD1-9B70-685291442483}.Release|Any CPU.ActiveCfg = Release|Any CPU
		{EDD042E4-B274-4CD1-9B70-685291442483}.Release|Any CPU.Build.0 = Release|Any CPU
		{B2B7BE41-E4C4-4AD2-9FB0-2CAA6EC6B91D}.Debug|Any CPU.ActiveCfg = Debug|Any CPU
		{B2B7BE41-E4C4-4AD2-9FB0-2CAA6EC6B91D}.Debug|Any CPU.Build.0 = Debug|Any CPU
		{B2B7BE41-E4C4-4AD2-9FB0-2CAA6EC6B91D}.Release|Any CPU.ActiveCfg = Release|Any CPU
		{B2B7BE41-E4C4-4AD2-9FB0-2CAA6EC6B91D}.Release|Any CPU.Build.0 = Release|Any CPU
		{1380F9C1-65F3-4D7A-AB93-B5DAEEE9767D}.Debug|Any CPU.ActiveCfg = Debug|Any CPU
		{1380F9C1-65F3-4D7A-AB93-B5DAEEE9767D}.Debug|Any CPU.Build.0 = Debug|Any CPU
		{1380F9C1-65F3-4D7A-AB93-B5DAEEE9767D}.Release|Any CPU.ActiveCfg = Release|Any CPU
		{1380F9C1-65F3-4D7A-AB93-B5DAEEE9767D}.Release|Any CPU.Build.0 = Release|Any CPU
	EndGlobalSection
	GlobalSection(SolutionProperties) = preSolution
		HideSolutionNode = FALSE
	EndGlobalSection
	GlobalSection(ExtensibilityGlobals) = postSolution
		SolutionGuid = {D1AD9824-6201-490C-81E3-BC0DAD4BE18A}
	EndGlobalSection
EndGlobal
